
Microsoft Visual Studio Solution File, Format Version 12.00
# Visual Studio Version 16
VisualStudioVersion = 16.0.30330.147
MinimumVisualStudioVersion = 10.0.40219.1
Project("{FAE04EC0-301F-11D3-BF4B-00C04F79EFBC}") = "WindowsForms", "TP_Salcedo_Juares\WindowsForms.csproj", "{751C96C2-D801-493B-A178-51BB3D82DA16}"
EndProject
Project("{FAE04EC0-301F-11D3-BF4B-00C04F79EFBC}") = "Dominio", "Dominio\Dominio.csproj", "{A7324866-CAAB-4598-A4B1-53DCD6F79C26}"
EndProject
Project("{FAE04EC0-301F-11D3-BF4B-00C04F79EFBC}") = "Negocio", "Negocio\Negocio.csproj", "{2A6E4F30-1578-4695-9073-5BD283EBC797}"
EndProject
Project("{FAE04EC0-301F-11D3-BF4B-00C04F79EFBC}") = "WebForm", "WebForm\WebForm.csproj", "{63A396BB-3753-4AA3-8A28-C24B52187DA6}"
EndProject
Global
	GlobalSection(SolutionConfigurationPlatforms) = preSolution
		Debug|Any CPU = Debug|Any CPU
		Release|Any CPU = Release|Any CPU
	EndGlobalSection
	GlobalSection(ProjectConfigurationPlatforms) = postSolution
		{751C96C2-D801-493B-A178-51BB3D82DA16}.Debug|Any CPU.ActiveCfg = Debug|Any CPU
		{751C96C2-D801-493B-A178-51BB3D82DA16}.Debug|Any CPU.Build.0 = Debug|Any CPU
		{751C96C2-D801-493B-A178-51BB3D82DA16}.Release|Any CPU.ActiveCfg = Release|Any CPU
		{751C96C2-D801-493B-A178-51BB3D82DA16}.Release|Any CPU.Build.0 = Release|Any CPU
		{A7324866-CAAB-4598-A4B1-53DCD6F79C26}.Debug|Any CPU.ActiveCfg = Debug|Any CPU
		{A7324866-CAAB-4598-A4B1-53DCD6F79C26}.Debug|Any CPU.Build.0 = Debug|Any CPU
		{A7324866-CAAB-4598-A4B1-53DCD6F79C26}.Release|Any CPU.ActiveCfg = Release|Any CPU
		{A7324866-CAAB-4598-A4B1-53DCD6F79C26}.Release|Any CPU.Build.0 = Release|Any CPU
		{2A6E4F30-1578-4695-9073-5BD283EBC797}.Debug|Any CPU.ActiveCfg = Debug|Any CPU
		{2A6E4F30-1578-4695-9073-5BD283EBC797}.Debug|Any CPU.Build.0 = Debug|Any CPU
		{2A6E4F30-1578-4695-9073-5BD283EBC797}.Release|Any CPU.ActiveCfg = Release|Any CPU
		{2A6E4F30-1578-4695-9073-5BD283EBC797}.Release|Any CPU.Build.0 = Release|Any CPU
		{63A396BB-3753-4AA3-8A28-C24B52187DA6}.Debug|Any CPU.ActiveCfg = Debug|Any CPU
		{63A396BB-3753-4AA3-8A28-C24B52187DA6}.Debug|Any CPU.Build.0 = Debug|Any CPU
		{63A396BB-3753-4AA3-8A28-C24B52187DA6}.Release|Any CPU.ActiveCfg = Release|Any CPU
		{63A396BB-3753-4AA3-8A28-C24B52187DA6}.Release|Any CPU.Build.0 = Release|Any CPU
	EndGlobalSection
	GlobalSection(SolutionProperties) = preSolution
		HideSolutionNode = FALSE
	EndGlobalSection
	GlobalSection(ExtensibilityGlobals) = postSolution
		SolutionGuid = {F21ACBF1-6501-4852-B5DA-82DADAC3D172}
	EndGlobalSection
EndGlobal
